// !$*UTF8*$!
{
	archiveVersion = 1;
	classes = {
	};
	objectVersion = 48;
	objects = {

/* Begin PBXBuildFile section */
		B96AD0E41FFADEB400730C95 /* AppDelegate.swift in Sources */ = {isa = PBXBuildFile; fileRef = B96AD0E31FFADEB400730C95 /* AppDelegate.swift */; };
		B96AD0E61FFADEB400730C95 /* ViewController.swift in Sources */ = {isa = PBXBuildFile; fileRef = B96AD0E51FFADEB400730C95 /* ViewController.swift */; };
		B96AD0E91FFADEB400730C95 /* Main.storyboard in Resources */ = {isa = PBXBuildFile; fileRef = B96AD0E71FFADEB400730C95 /* Main.storyboard */; };
		B96AD0EB1FFADEB400730C95 /* Assets.xcassets in Resources */ = {isa = PBXBuildFile; fileRef = B96AD0EA1FFADEB400730C95 /* Assets.xcassets */; };
		B96AD0EE1FFADEB400730C95 /* LaunchScreen.storyboard in Resources */ = {isa = PBXBuildFile; fileRef = B96AD0EC1FFADEB400730C95 /* LaunchScreen.storyboard */; };
/* End PBXBuildFile section */

/* Begin PBXFileReference section */
		B96AD0E01FFADEB400730C95 /* AfterTax.app */ = {isa = PBXFileReference; explicitFileType = wrapper.application; includeInIndex = 0; path = AfterTax.app; sourceTree = BUILT_PRODUCTS_DIR; };
		B96AD0E31FFADEB400730C95 /* AppDelegate.swift */ = {isa = PBXFileReference; lastKnownFileType = sourcecode.swift; path = AppDelegate.swift; sourceTree = "<group>"; };
		B96AD0E51FFADEB400730C95 /* ViewController.swift */ = {isa = PBXFileReference; lastKnownFileType = sourcecode.swift; path = ViewController.swift; sourceTree = "<group>"; };
		B96AD0E81FFADEB400730C95 /* Base */ = {isa = PBXFileReference; lastKnownFileType = file.storyboard; name = Base; path = Base.lproj/Main.storyboard; sourceTree = "<group>"; };
		B96AD0EA1FFADEB400730C95 /* Assets.xcassets */ = {isa = PBXFileReference; lastKnownFileType = folder.assetcatalog; path = Assets.xcassets; sourceTree = "<group>"; };
		B96AD0ED1FFADEB400730C95 /* Base */ = {isa = PBXFileReference; lastKnownFileType = file.storyboard; name = Base; path = Base.lproj/LaunchScreen.storyboard; sourceTree = "<group>"; };
		B96AD0EF1FFADEB400730C95 /* Info.plist */ = {isa = PBXFileReference; lastKnownFileType = text.plist.xml; path = Info.plist; sourceTree = "<group>"; };
/* End PBXFileReference section */

/* Begin PBXFrameworksBuildPhase section */
		B96AD0DD1FFADEB400730C95 /* Frameworks */ = {
			isa = PBXFrameworksBuildPhase;
			buildActionMask = 2147483647;
			files = (
			);
			runOnlyForDeploymentPostprocessing = 0;
		};
/* End PBXFrameworksBuildPhase section */

/* Begin PBXGroup section */
		B96AD0D71FFADEB300730C95 = {
			isa = PBXGroup;
			children = (
				B96AD0E21FFADEB400730C95 /* AfterTax */,
				B96AD0E11FFADEB400730C95 /* Products */,
			);
			sourceTree = "<group>";
		};
		B96AD0E11FFADEB400730C95 /* Products */ = {
			isa = PBXGroup;
			children = (
				B96AD0E01FFADEB400730C95 /* AfterTax.app */,
			);
			name = Products;
			sourceTree = "<group>";
		};
		B96AD0E21FFADEB400730C95 /* AfterTax */ = {
			isa = PBXGroup;
			children = (
				B96AD0E31FFADEB400730C95 /* AppDelegate.swift */,
				B96AD0E51FFADEB400730C95 /* ViewController.swift */,
				B96AD0E71FFADEB400730C95 /* Main.storyboard */,
				B96AD0EA1FFADEB400730C95 /* Assets.xcassets */,
				B96AD0EC1FFADEB400730C95 /* LaunchScreen.storyboard */,
				B96AD0EF1FFADEB400730C95 /* Info.plist */,
			);
			path = AfterTax;
			sourceTree = "<group>";
		};
/* End PBXGroup section */

/* Begin PBXNativeTarget section */
		B96AD0DF1FFADEB400730C95 /* AfterTax */ = {
			isa = PBXNativeTarget;
			buildConfigurationList = B96AD0F21FFADEB400730C95 /* Build configuration list for PBXNativeTarget "AfterTax" */;
			buildPhases = (
				B96AD0DC1FFADEB400730C95 /* Sources */,
				B96AD0DD1FFADEB400730C95 /* Frameworks */,
				B96AD0DE1FFADEB400730C95 /* Resources */,
			);
			buildRules = (
			);
			dependencies = (
			);
			name = AfterTax;
			productName = AfterTax;
			productReference = B96AD0E01FFADEB400730C95 /* AfterTax.app */;
			productType = "com.apple.product-type.application";
		};
/* End PBXNativeTarget section */

/* Begin PBXProject section */
		B96AD0D81FFADEB300730C95 /* Project object */ = {
			isa = PBXProject;
			attributes = {
				LastSwiftUpdateCheck = 0910;
				LastUpgradeCheck = 0910;
				ORGANIZATIONNAME = "Perez Willie Nwobu";
				TargetAttributes = {
					B96AD0DF1FFADEB400730C95 = {
						CreatedOnToolsVersion = 9.1;
						ProvisioningStyle = Automatic;
					};
				};
			};
			buildConfigurationList = B96AD0DB1FFADEB300730C95 /* Build configuration list for PBXProject "AfterTax" */;
			compatibilityVersion = "Xcode 8.0";
			developmentRegion = en;
			hasScannedForEncodings = 0;
			knownRegions = (
				en,
				Base,
			);
			mainGroup = B96AD0D71FFADEB300730C95;
			productRefGroup = B96AD0E11FFADEB400730C95 /* Products */;
			projectDirPath = "";
			projectRoot = "";
			targets = (
				B96AD0DF1FFADEB400730C95 /* AfterTax */,
			);
		};
/* End PBXProject section */

/* Begin PBXResourcesBuildPhase section */
		B96AD0DE1FFADEB400730C95 /* Resources */ = {
			isa = PBXResourcesBuildPhase;
			buildActionMask = 2147483647;
			files = (
				B96AD0EE1FFADEB400730C95 /* LaunchScreen.storyboard in Resources */,
				B96AD0EB1FFADEB400730C95 /* Assets.xcassets in Resources */,
				B96AD0E91FFADEB400730C95 /* Main.storyboard in Resources */,
			);
			runOnlyForDeploymentPostprocessing = 0;
		};
/* End PBXResourcesBuildPhase section */

/* Begin PBXSourcesBuildPhase section */
		B96AD0DC1FFADEB400730C95 /* Sources */ = {
			isa = PBXSourcesBuildPhase;
			buildActionMask = 2147483647;
			files = (
				B96AD0E61FFADEB400730C95 /* ViewController.swift in Sources */,
				B96AD0E41FFADEB400730C95 /* AppDelegate.swift in Sources */,
			);
			runOnlyForDeploymentPostprocessing = 0;
		};
/* End PBXSourcesBuildPhase section */

/* Begin PBXVariantGroup section */
		B96AD0E71FFADEB400730C95 /* Main.storyboard */ = {
			isa = PBXVariantGroup;
			children = (
				B96AD0E81FFADEB400730C95 /* Base */,
			);
			name = Main.storyboard;
			sourceTree = "<group>";
		};
		B96AD0EC1FFADEB400730C95 /* LaunchScreen.storyboard */ = {
			isa = PBXVariantGroup;
			children = (
				B96AD0ED1FFADEB400730C95 /* Base */,
			);
			name = LaunchScreen.storyboard;
			sourceTree = "<group>";
		};
/* End PBXVariantGroup section */

/* Begin XCBuildConfiguration section */
		B96AD0F01FFADEB400730C95 /* Debug */ = {
			isa = XCBuildConfiguration;
			buildSettings = {
				ALWAYS_SEARCH_USER_PATHS = NO;
				CLANG_ANALYZER_NONNULL = YES;
				CLANG_ANALYZER_NUMBER_OBJECT_CONVERSION = YES_AGGRESSIVE;
				CLANG_CXX_LANGUAGE_STANDARD = "gnu++14";
				CLANG_CXX_LIBRARY = "libc++";
				CLANG_ENABLE_MODULES = YES;
				CLANG_ENABLE_OBJC_ARC = YES;
				CLANG_WARN_BLOCK_CAPTURE_AUTORELEASING = YES;
				CLANG_WARN_BOOL_CONVERSION = YES;
				CLANG_WARN_COMMA = YES;
				CLANG_WARN_CONSTANT_CONVERSION = YES;
				CLANG_WARN_DIRECT_OBJC_ISA_USAGE = YES_ERROR;
				CLANG_WARN_DOCUMENTATION_COMMENTS = YES;
				CLANG_WARN_EMPTY_BODY = YES;
				CLANG_WARN_ENUM_CONVERSION = YES;
				CLANG_WARN_INFINITE_RECURSION = YES;
				CLANG_WARN_INT_CONVERSION = YES;
				CLANG_WARN_NON_LITERAL_NULL_CONVERSION = YES;
				CLANG_WARN_OBJC_LITERAL_CONVERSION = YES;
				CLANG_WARN_OBJC_ROOT_CLASS = YES_ERROR;
				CLANG_WARN_RANGE_LOOP_ANALYSIS = YES;
				CLANG_WARN_STRICT_PROTOTYPES = YES;
				CLANG_WARN_SUSPICIOUS_MOVE = YES;
				CLANG_WARN_UNGUARDED_AVAILABILITY = YES_AGGRESSIVE;
				CLANG_WARN_UNREACHABLE_CODE = YES;
				CLANG_WARN__DUPLICATE_METHOD_MATCH = YES;
				CODE_SIGN_IDENTITY = "iPhone Developer";
				COPY_PHASE_STRIP = NO;
				DEBUG_INFORMATION_FORMAT = dwarf;
				ENABLE_STRICT_OBJC_MSGSEND = YES;
				ENABLE_TESTABILITY = YES;
				GCC_C_LANGUAGE_STANDARD = gnu11;
				GCC_DYNAMIC_NO_PIC = NO;
				GCC_NO_COMMON_BLOCKS = YES;
				GCC_OPTIMIZATION_LEVEL = 0;
				GCC_PREPROCESSOR_DEFINITIONS = (
					"DEBUG=1",
					"$(inherited)",
				);
				GCC_WARN_64_TO_32_BIT_CONVERSION = YES;
				GCC_WARN_ABOUT_RETURN_TYPE = YES_ERROR;
				GCC_WARN_UNDECLARED_SELECTOR = YES;
				GCC_WARN_UNINITIALIZED_AUTOS = YES_AGGRESSIVE;
				GCC_WARN_UNUSED_FUNCTION = YES;
				GCC_WARN_UNUSED_VARIABLE = YES;
				IPHONEOS_DEPLOYMENT_TARGET = 11.1;
				MTL_ENABLE_DEBUG_INFO = YES;
				ONLY_ACTIVE_ARCH = YES;
				SDKROOT = iphoneos;
				SWIFT_ACTIVE_COMPILATION_CONDITIONS = DEBUG;
				SWIFT_OPTIMIZATION_LEVEL = "-Onone";
			};
			name = Debug;
		};
		B96AD0F11FFADEB400730C95 /* Release */ = {
			isa = XCBuildConfiguration;
			buildSettings = {
				ALWAYS_SEARCH_USER_PATHS = NO;
				CLANG_ANALYZER_NONNULL = YES;
				CLANG_ANALYZER_NUMBER_OBJECT_CONVERSION = YES_AGGRESSIVE;
				CLANG_CXX_LANGUAGE_STANDARD = "gnu++14";
				CLANG_CXX_LIBRARY = "libc++";
				CLANG_ENABLE_MODULES = YES;
				CLANG_ENABLE_OBJC_ARC = YES;
				CLANG_WARN_BLOCK_CAPTURE_AUTORELEASING = YES;
				CLANG_WARN_BOOL_CONVERSION = YES;
				CLANG_WARN_COMMA = YES;
				CLANG_WARN_CONSTANT_CONVERSION = YES;
				CLANG_WARN_DIRECT_OBJC_ISA_USAGE = YES_ERROR;
				CLANG_WARN_DOCUMENTATION_COMMENTS = YES;
				CLANG_WARN_EMPTY_BODY = YES;
				CLANG_WARN_ENUM_CONVERSION = YES;
				CLANG_WARN_INFINITE_RECURSION = YES;
				CLANG_WARN_INT_CONVERSION = YES;
				CLANG_WARN_NON_LITERAL_NULL_CONVERSION = YES;
				CLANG_WARN_OBJC_LITERAL_CONVERSION = YES;
				CLANG_WARN_OBJC_ROOT_CLASS = YES_ERROR;
				CLANG_WARN_RANGE_LOOP_ANALYSIS = YES;
				CLANG_WARN_STRICT_PROTOTYPES = YES;
				CLANG_WARN_SUSPICIOUS_MOVE = YES;
				CLANG_WARN_UNGUARDED_AVAILABILITY = YES_AGGRESSIVE;
				CLANG_WARN_UNREACHABLE_CODE = YES;
				CLANG_WARN__DUPLICATE_METHOD_MATCH = YES;
				CODE_SIGN_IDENTITY = "iPhone Developer";
				COPY_PHASE_STRIP = NO;
				DEBUG_INFORMATION_FORMAT = "dwarf-with-dsym";
				ENABLE_NS_ASSERTIONS = NO;
				ENABLE_STRICT_OBJC_MSGSEND = YES;
				GCC_C_LANGUAGE_STANDARD = gnu11;
				GCC_NO_COMMON_BLOCKS = YES;
				GCC_WARN_64_TO_32_BIT_CONVERSION = YES;
				GCC_WARN_ABOUT_RETURN_TYPE = YES_ERROR;
				GCC_WARN_UNDECLARED_SELECTOR = YES;
				GCC_WARN_UNINITIALIZED_AUTOS = YES_AGGRESSIVE;
				GCC_WARN_UNUSED_FUNCTION = YES;
				GCC_WARN_UNUSED_VARIABLE = YES;
				IPHONEOS_DEPLOYMENT_TARGET = 11.1;
				MTL_ENABLE_DEBUG_INFO = NO;
				SDKROOT = iphoneos;
				SWIFT_OPTIMIZATION_LEVEL = "-Owholemodule";
				VALIDATE_PRODUCT = YES;
			};
			name = Release;
		};
		B96AD0F31FFADEB400730C95 /* Debug */ = {
			isa = XCBuildConfiguration;
			buildSettings = {
				ASSETCATALOG_COMPILER_APPICON_NAME = AppIcon;
				CODE_SIGN_STYLE = Automatic;
				DEVELOPMENT_TEAM = K3LN6LR5X2;
				INFOPLIST_FILE = AfterTax/Info.plist;
				LD_RUNPATH_SEARCH_PATHS = "$(inherited) @executable_path/Frameworks";
				PRODUCT_BUNDLE_IDENTIFIER = com.CSGabj.AfterTax;
				PRODUCT_NAME = "$(TARGET_NAME)";
				SWIFT_VERSION = 4.0;
				TARGETED_DEVICE_FAMILY = "1,2";
			};
			name = Debug;
		};
		B96AD0F41FFADEB400730C95 /* Release */ = {
			isa = XCBuildConfiguration;
			buildSettings = {
				ASSETCATALOG_COMPILER_APPICON_NAME = AppIcon;
				CODE_SIGN_STYLE = Automatic;
				DEVELOPMENT_TEAM = K3LN6LR5X2;
				INFOPLIST_FILE = AfterTax/Info.plist;
				LD_RUNPATH_SEARCH_PATHS = "$(inherited) @executable_path/Frameworks";
				PRODUCT_BUNDLE_IDENTIFIER = com.CSGabj.AfterTax;
				PRODUCT_NAME = "$(TARGET_NAME)";
				SWIFT_VERSION = 4.0;
				TARGETED_DEVICE_FAMILY = "1,2";
			};
			name = Release;
		};
/* End XCBuildConfiguration section */

/* Begin XCConfigurationList section */
		B96AD0DB1FFADEB300730C95 /* Build configuration list for PBXProject "AfterTax" */ = {
			isa = XCConfigurationList;
			buildConfigurations = (
				B96AD0F01FFADEB400730C95 /* Debug */,
				B96AD0F11FFADEB400730C95 /* Release */,
			);
			defaultConfigurationIsVisible = 0;
			defaultConfigurationName = Release;
		};
		B96AD0F21FFADEB400730C95 /* Build configuration list for PBXNativeTarget "AfterTax" */ = {
			isa = XCConfigurationList;
			buildConfigurations = (
				B96AD0F31FFADEB400730C95 /* Debug */,
				B96AD0F41FFADEB400730C95 /* Release */,
			);
			defaultConfigurationIsVisible = 0;
			defaultConfigurationName = Release;
		};
/* End XCConfigurationList section */
	};
	rootObject = B96AD0D81FFADEB300730C95 /* Project object */;
}
